
Microsoft Visual Studio Solution File, Format Version 12.00
# Visual Studio Version 16
VisualStudioVersion = 16.0.29009.5
MinimumVisualStudioVersion = 10.0.40219.1
Project("{FAE04EC0-301F-11D3-BF4B-00C04F79EFBC}") = "RockPaper", "RockPaper\RockPaper.csproj", "{418866C5-E996-4C1D-B58D-96B58BFC04BC}"
EndProject
Global
	GlobalSection(SolutionConfigurationPlatforms) = preSolution
		Debug|Any CPU = Debug|Any CPU
		Release|Any CPU = Release|Any CPU
	EndGlobalSection
	GlobalSection(ProjectConfigurationPlatforms) = postSolution
		{418866C5-E996-4C1D-B58D-96B58BFC04BC}.Debug|Any CPU.ActiveCfg = Debug|Any CPU
		{418866C5-E996-4C1D-B58D-96B58BFC04BC}.Debug|Any CPU.Build.0 = Debug|Any CPU
		{418866C5-E996-4C1D-B58D-96B58BFC04BC}.Release|Any CPU.ActiveCfg = Release|Any CPU
		{418866C5-E996-4C1D-B58D-96B58BFC04BC}.Release|Any CPU.Build.0 = Release|Any CPU
	EndGlobalSection
	GlobalSection(SolutionProperties) = preSolution
		HideSolutionNode = FALSE
	EndGlobalSection
	GlobalSection(ExtensibilityGlobals) = postSolution
		SolutionGuid = {D3A8DEA1-28EB-418F-A40A-AB5C5CB5EC84}
	EndGlobalSection
EndGlobal
